
Microsoft Visual Studio Solution File, Format Version 12.00
# Visual Studio Version 17
Project("{2150E333-8FDC-42A3-9474-1A3956D46DE8}") = "Solution Items", "Solution Items", "{C591C403-319F-F2E9-BA85-EED42692BEA0}"
	ProjectSection(SolutionItems) = preProject
		.editorconfig = .editorconfig
	EndProjectSection
EndProject
Project("{2150E333-8FDC-42A3-9474-1A3956D46DE8}") = "Core", "Core", "{15A0C35D-0158-05AB-6A5F-DE065636A09B}"
EndProject
Project("{8BC9CEB8-8B4A-11D0-8D11-00A0C91BC942}") = "ZandakhoHack", "ZandakhoHack\ZandakhoHack.vcxproj", "{2C1B9CFF-187E-2BA4-C103-645AAD45F726}"
EndProject
Project("{2150E333-8FDC-42A3-9474-1A3956D46DE8}") = "Dependencies", "Dependencies", "{53E47842-3FC8-3998-A828-34EB942B241A}"
EndProject
Project("{8BC9CEB8-8B4A-11D0-8D11-00A0C91BC942}") = "ImGui", "Vendors\ImGui\ImGui.vcxproj", "{C0FF640D-2C14-8DBE-F595-301E616989EF}"
EndProject
Project("{8BC9CEB8-8B4A-11D0-8D11-00A0C91BC942}") = "MinHook", "Vendors\MinHook\MinHook.vcxproj", "{1A77E127-8656-60C3-8F6E-EB99FBCCC624}"
EndProject
Project("{8BC9CEB8-8B4A-11D0-8D11-00A0C91BC942}") = "Premake", "Vendors\Premake5\Premake.vcxproj", "{6ACC3F23-D6AB-BEBE-DFC3-49954B222520}"
EndProject
Global
	GlobalSection(SolutionConfigurationPlatforms) = preSolution
		Debug|Win32 = Debug|Win32
		Release|Win32 = Release|Win32
	EndGlobalSection
	GlobalSection(ProjectConfigurationPlatforms) = postSolution
		{2C1B9CFF-187E-2BA4-C103-645AAD45F726}.Debug|Win32.ActiveCfg = Debug|Win32
		{2C1B9CFF-187E-2BA4-C103-645AAD45F726}.Debug|Win32.Build.0 = Debug|Win32
		{2C1B9CFF-187E-2BA4-C103-645AAD45F726}.Release|Win32.ActiveCfg = Release|Win32
		{2C1B9CFF-187E-2BA4-C103-645AAD45F726}.Release|Win32.Build.0 = Release|Win32
		{C0FF640D-2C14-8DBE-F595-301E616989EF}.Debug|Win32.ActiveCfg = Debug|Win32
		{C0FF640D-2C14-8DBE-F595-301E616989EF}.Debug|Win32.Build.0 = Debug|Win32
		{C0FF640D-2C14-8DBE-F595-301E616989EF}.Release|Win32.ActiveCfg = Release|Win32
		{C0FF640D-2C14-8DBE-F595-301E616989EF}.Release|Win32.Build.0 = Release|Win32
		{1A77E127-8656-60C3-8F6E-EB99FBCCC624}.Debug|Win32.ActiveCfg = Debug|Win32
		{1A77E127-8656-60C3-8F6E-EB99FBCCC624}.Debug|Win32.Build.0 = Debug|Win32
		{1A77E127-8656-60C3-8F6E-EB99FBCCC624}.Release|Win32.ActiveCfg = Release|Win32
		{1A77E127-8656-60C3-8F6E-EB99FBCCC624}.Release|Win32.Build.0 = Release|Win32
		{6ACC3F23-D6AB-BEBE-DFC3-49954B222520}.Debug|Win32.ActiveCfg = Debug|Win32
		{6ACC3F23-D6AB-BEBE-DFC3-49954B222520}.Debug|Win32.Build.0 = Debug|Win32
		{6ACC3F23-D6AB-BEBE-DFC3-49954B222520}.Release|Win32.ActiveCfg = Release|Win32
		{6ACC3F23-D6AB-BEBE-DFC3-49954B222520}.Release|Win32.Build.0 = Release|Win32
	EndGlobalSection
	GlobalSection(SolutionProperties) = preSolution
		HideSolutionNode = FALSE
	EndGlobalSection
	GlobalSection(NestedProjects) = preSolution
		{2C1B9CFF-187E-2BA4-C103-645AAD45F726} = {15A0C35D-0158-05AB-6A5F-DE065636A09B}
		{C0FF640D-2C14-8DBE-F595-301E616989EF} = {53E47842-3FC8-3998-A828-34EB942B241A}
		{1A77E127-8656-60C3-8F6E-EB99FBCCC624} = {53E47842-3FC8-3998-A828-34EB942B241A}
		{6ACC3F23-D6AB-BEBE-DFC3-49954B222520} = {53E47842-3FC8-3998-A828-34EB942B241A}
	EndGlobalSection
EndGlobal
